
Microsoft Visual Studio Solution File, Format Version 12.00
# Visual Studio Version 17
VisualStudioVersion = 17.5.33530.505
MinimumVisualStudioVersion = 10.0.40219.1
Project("{FAE04EC0-301F-11D3-BF4B-00C04F79EFBC}") = "HistoriaClinica", "HistoriaClinica\HistoriaClinica.csproj", "{7168E28D-8047-406D-8CAD-A5049AD17D39}"
EndProject
Global
	GlobalSection(SolutionConfigurationPlatforms) = preSolution
		Debug|Any CPU = Debug|Any CPU
		Release|Any CPU = Release|Any CPU
	EndGlobalSection
	GlobalSection(ProjectConfigurationPlatforms) = postSolution
		{7168E28D-8047-406D-8CAD-A5049AD17D39}.Debug|Any CPU.ActiveCfg = Debug|Any CPU
		{7168E28D-8047-406D-8CAD-A5049AD17D39}.Debug|Any CPU.Build.0 = Debug|Any CPU
		{7168E28D-8047-406D-8CAD-A5049AD17D39}.Release|Any CPU.ActiveCfg = Release|Any CPU
		{7168E28D-8047-406D-8CAD-A5049AD17D39}.Release|Any CPU.Build.0 = Release|Any CPU
	EndGlobalSection
	GlobalSection(SolutionProperties) = preSolution
		HideSolutionNode = FALSE
	EndGlobalSection
	GlobalSection(ExtensibilityGlobals) = postSolution
		SolutionGuid = {8AE48F96-4E8B-4B13-83A9-7C5DCEA00F7B}
	EndGlobalSection
EndGlobal
